
Microsoft Visual Studio Solution File, Format Version 12.00
# Visual Studio 15
VisualStudioVersion = 15.0.26430.13
MinimumVisualStudioVersion = 10.0.40219.1
Project("{8BC9CEB8-8B4A-11D0-8D11-00A0C91BC942}") = "USACO_training_problems", "USACO_training_problems\USACO_training_problems.vcxproj", "{2BEDA318-8319-40CE-8F21-D3C8E4BF7BC2}"
EndProject
Project("{8BC9CEB8-8B4A-11D0-8D11-00A0C91BC942}") = "Your_Ride_Is_Here", "Your_Ride_Is_Here\Your_Ride_Is_Here\Your_Ride_Is_Here.vcxproj", "{57EBC7A1-DA6E-4F3E-BC05-20D891FF2C02}"
EndProject
Project("{8BC9CEB8-8B4A-11D0-8D11-00A0C91BC942}") = "Greedy_Gift_Givers", "Greedy_Gift_Givers\Greedy_Gift_Givers.vcxproj", "{E485D826-35F2-4043-A9C8-8374FC77AECA}"
EndProject
Global
	GlobalSection(SolutionConfigurationPlatforms) = preSolution
		Debug|x64 = Debug|x64
		Debug|x86 = Debug|x86
		Release|x64 = Release|x64
		Release|x86 = Release|x86
	EndGlobalSection
	GlobalSection(ProjectConfigurationPlatforms) = postSolution
		{2BEDA318-8319-40CE-8F21-D3C8E4BF7BC2}.Debug|x64.ActiveCfg = Debug|x64
		{2BEDA318-8319-40CE-8F21-D3C8E4BF7BC2}.Debug|x64.Build.0 = Debug|x64
		{2BEDA318-8319-40CE-8F21-D3C8E4BF7BC2}.Debug|x86.ActiveCfg = Debug|Win32
		{2BEDA318-8319-40CE-8F21-D3C8E4BF7BC2}.Debug|x86.Build.0 = Debug|Win32
		{2BEDA318-8319-40CE-8F21-D3C8E4BF7BC2}.Release|x64.ActiveCfg = Release|x64
		{2BEDA318-8319-40CE-8F21-D3C8E4BF7BC2}.Release|x64.Build.0 = Release|x64
		{2BEDA318-8319-40CE-8F21-D3C8E4BF7BC2}.Release|x86.ActiveCfg = Release|Win32
		{2BEDA318-8319-40CE-8F21-D3C8E4BF7BC2}.Release|x86.Build.0 = Release|Win32
		{57EBC7A1-DA6E-4F3E-BC05-20D891FF2C02}.Debug|x64.ActiveCfg = Debug|x64
		{57EBC7A1-DA6E-4F3E-BC05-20D891FF2C02}.Debug|x64.Build.0 = Debug|x64
		{57EBC7A1-DA6E-4F3E-BC05-20D891FF2C02}.Debug|x86.ActiveCfg = Debug|Win32
		{57EBC7A1-DA6E-4F3E-BC05-20D891FF2C02}.Debug|x86.Build.0 = Debug|Win32
		{57EBC7A1-DA6E-4F3E-BC05-20D891FF2C02}.Release|x64.ActiveCfg = Release|x64
		{57EBC7A1-DA6E-4F3E-BC05-20D891FF2C02}.Release|x64.Build.0 = Release|x64
		{57EBC7A1-DA6E-4F3E-BC05-20D891FF2C02}.Release|x86.ActiveCfg = Release|Win32
		{57EBC7A1-DA6E-4F3E-BC05-20D891FF2C02}.Release|x86.Build.0 = Release|Win32
		{E485D826-35F2-4043-A9C8-8374FC77AECA}.Debug|x64.ActiveCfg = Debug|x64
		{E485D826-35F2-4043-A9C8-8374FC77AECA}.Debug|x64.Build.0 = Debug|x64
		{E485D826-35F2-4043-A9C8-8374FC77AECA}.Debug|x86.ActiveCfg = Debug|Win32
		{E485D826-35F2-4043-A9C8-8374FC77AECA}.Debug|x86.Build.0 = Debug|Win32
		{E485D826-35F2-4043-A9C8-8374FC77AECA}.Release|x64.ActiveCfg = Release|x64
		{E485D826-35F2-4043-A9C8-8374FC77AECA}.Release|x64.Build.0 = Release|x64
		{E485D826-35F2-4043-A9C8-8374FC77AECA}.Release|x86.ActiveCfg = Release|Win32
		{E485D826-35F2-4043-A9C8-8374FC77AECA}.Release|x86.Build.0 = Release|Win32
	EndGlobalSection
	GlobalSection(SolutionProperties) = preSolution
		HideSolutionNode = FALSE
	EndGlobalSection
EndGlobal
